PODS:
  - PKHUD (5.3.0)
  - SPIndicator (1.6.4)

DEPENDENCIES:
  - PKHUD (~> 5.0)
  - SPIndicator

SPEC REPOS:
  trunk:
    - PKHUD
    - SPIndicator

SPEC CHECKSUMS:
  PKHUD: 98f3e4bc904b9c916f1c5bb6d765365b5357291b
  SPIndicator: 93e0a4fb23de51294ac48e874c0f081a5e293e4f

PODFILE CHECKSUM: b1a04f3ac9f2a9382d4b69c6268577199ed064b4

COCOAPODS: 1.11.2
