PODS:
  - M13Checkbox (3.4.0)
  - PKHUD (5.3.0)
  - Realm (10.23.0):
    - Realm/Headers (= 10.23.0)
  - Realm/Headers (10.23.0)
  - RealmSwift (10.23.0):
    - Realm (= 10.23.0)
  - SPIndicator (1.6.4)

DEPENDENCIES:
  - M13Checkbox
  - PKHUD (~> 5.0)
  - RealmSwift
  - SPIndicator

SPEC REPOS:
  trunk:
    - M13Checkbox
    - PKHUD
    - Realm
    - RealmSwift
    - SPIndicator

SPEC CHECKSUMS:
  M13Checkbox: 6f59404540ac98ba83a3d1afac335895a40c6a5d
  PKHUD: 98f3e4bc904b9c916f1c5bb6d765365b5357291b
  Realm: bdac9baede54becb2883f319fc50e9e12b35235c
  RealmSwift: e083456e083dcfd6ef9087cdde6b031ec6224783
  SPIndicator: 93e0a4fb23de51294ac48e874c0f081a5e293e4f

PODFILE CHECKSUM: f7c939ec7a91e822287a54e61d2a0c7956e84bc9

COCOAPODS: 1.11.2
